// !$*UTF8*$!
{
	archiveVersion = 1;
	classes = {
	};
	objectVersion = 46;
	objects = {

/* Begin PBXBuildFile section */
		331239F21E53697C00559EB0 /* DDAbstractDatabaseLogger.m in Sources */ = {isa = PBXBuildFile; fileRef = 331239E31E53697C00559EB0 /* DDAbstractDatabaseLogger.m */; };
		331239F31E53697C00559EB0 /* DDASLLogger.m in Sources */ = {isa = PBXBuildFile; fileRef = 331239E51E53697C00559EB0 /* DDASLLogger.m */; };
		331239F41E53697C00559EB0 /* DDFileLogger.m in Sources */ = {isa = PBXBuildFile; fileRef = 331239E71E53697C00559EB0 /* DDFileLogger.m */; };
		331239F51E53697C00559EB0 /* DDLog.m in Sources */ = {isa = PBXBuildFile; fileRef = 331239E91E53697C00559EB0 /* DDLog.m */; };
		331239F61E53697C00559EB0 /* DDTTYLogger.m in Sources */ = {isa = PBXBuildFile; fileRef = 331239EB1E53697C00559EB0 /* DDTTYLogger.m */; };
		331239F71E53697C00559EB0 /* ContextFilterLogFormatter.m in Sources */ = {isa = PBXBuildFile; fileRef = 331239EE1E53697C00559EB0 /* ContextFilterLogFormatter.m */; };
		331239F81E53697C00559EB0 /* DispatchQueueLogFormatter.m in Sources */ = {isa = PBXBuildFile; fileRef = 331239F01E53697C00559EB0 /* DispatchQueueLogFormatter.m */; };
		331239FD1E5369D000559EB0 /* GCDAsyncSocket.m in Sources */ = {isa = PBXBuildFile; fileRef = 331239FC1E5369D000559EB0 /* GCDAsyncSocket.m */; };
		B3E7B58A1CC2AC0600A0062D /* FPStaticServer.m in Sources */ = {isa = PBXBuildFile; fileRef = B3E7B5891CC2AC0600A0062D /* FPStaticServer.m */; };
		C6B7B4B0205BAD9F00E2BCE6 /* RNGCDWebServerResponse.m in Sources */ = {isa = PBXBuildFile; fileRef = C6B7B496205BAD9E00E2BCE6 /* RNGCDWebServerResponse.m */; };
		C6B7B4B1205BAD9F00E2BCE6 /* RNGCDWebServerRequest.m in Sources */ = {isa = PBXBuildFile; fileRef = C6B7B498205BAD9E00E2BCE6 /* RNGCDWebServerRequest.m */; };
		C6B7B4B2205BAD9F00E2BCE6 /* RNGCDWebServerFunctions.m in Sources */ = {isa = PBXBuildFile; fileRef = C6B7B499205BAD9E00E2BCE6 /* RNGCDWebServerFunctions.m */; };
		C6B7B4B3205BAD9F00E2BCE6 /* RNGCDWebServerConnection.m in Sources */ = {isa = PBXBuildFile; fileRef = C6B7B49B205BAD9E00E2BCE6 /* RNGCDWebServerConnection.m */; };
		C6B7B4B4205BAD9F00E2BCE6 /* RNGCDWebServer.m in Sources */ = {isa = PBXBuildFile; fileRef = C6B7B49C205BAD9E00E2BCE6 /* RNGCDWebServer.m */; };
		C6B7B4B5205BAD9F00E2BCE6 /* RNGCDWebServerStreamedResponse.m in Sources */ = {isa = PBXBuildFile; fileRef = C6B7B4A2205BAD9E00E2BCE6 /* RNGCDWebServerStreamedResponse.m */; };
		C6B7B4B6205BAD9F00E2BCE6 /* RNGCDWebServerFileResponse.m in Sources */ = {isa = PBXBuildFile; fileRef = C6B7B4A3205BAD9E00E2BCE6 /* RNGCDWebServerFileResponse.m */; };
		C6B7B4B7205BAD9F00E2BCE6 /* RNGCDWebServerDataResponse.m in Sources */ = {isa = PBXBuildFile; fileRef = C6B7B4A4205BAD9E00E2BCE6 /* RNGCDWebServerDataResponse.m */; };
		C6B7B4B8205BAD9F00E2BCE6 /* RNGCDWebServerErrorResponse.m in Sources */ = {isa = PBXBuildFile; fileRef = C6B7B4A5205BAD9E00E2BCE6 /* RNGCDWebServerErrorResponse.m */; };
		C6B7B4B9205BAD9F00E2BCE6 /* RNGCDWebServerURLEncodedFormRequest.m in Sources */ = {isa = PBXBuildFile; fileRef = C6B7B4AB205BAD9E00E2BCE6 /* RNGCDWebServerURLEncodedFormRequest.m */; };
		C6B7B4BA205BAD9F00E2BCE6 /* RNGCDWebServerDataRequest.m in Sources */ = {isa = PBXBuildFile; fileRef = C6B7B4AC205BAD9E00E2BCE6 /* RNGCDWebServerDataRequest.m */; };
		C6B7B4BB205BAD9F00E2BCE6 /* RNGCDWebServerFileRequest.m in Sources */ = {isa = PBXBuildFile; fileRef = C6B7B4AE205BAD9E00E2BCE6 /* RNGCDWebServerFileRequest.m */; };
		C6B7B4BC205BAD9F00E2BCE6 /* RNGCDWebServerMultiPartFormRequest.m in Sources */ = {isa = PBXBuildFile; fileRef = C6B7B4AF205BAD9E00E2BCE6 /* RNGCDWebServerMultiPartFormRequest.m */; };
/* End PBXBuildFile section */

/* Begin PBXCopyFilesBuildPhase section */
		58B511D91A9E6C8500147676 /* CopyFiles */ = {
			isa = PBXCopyFilesBuildPhase;
			buildActionMask = 2147483647;
			dstPath = "include/$(PRODUCT_NAME)";
			dstSubfolderSpec = 16;
			files = (
			);
			runOnlyForDeploymentPostprocessing = 0;
		};
/* End PBXCopyFilesBuildPhase section */

/* Begin PBXFileReference section */
		134814201AA4EA6300B7C361 /* libFPStaticServer.a */ = {isa = PBXFileReference; explicitFileType = archive.ar; includeInIndex = 0; path = libFPStaticServer.a; sourceTree = BUILT_PRODUCTS_DIR; };
		331239E11E53697C00559EB0 /* About.txt */ = {isa = PBXFileReference; fileEncoding = 4; lastKnownFileType = text; path = About.txt; sourceTree = "<group>"; };
		331239E21E53697C00559EB0 /* DDAbstractDatabaseLogger.h */ = {isa = PBXFileReference; fileEncoding = 4; lastKnownFileType = sourcecode.c.h; path = DDAbstractDatabaseLogger.h; sourceTree = "<group>"; };
		331239E31E53697C00559EB0 /* DDAbstractDatabaseLogger.m */ = {isa = PBXFileReference; fileEncoding = 4; lastKnownFileType = sourcecode.c.objc; path = DDAbstractDatabaseLogger.m; sourceTree = "<group>"; };
		331239E41E53697C00559EB0 /* DDASLLogger.h */ = {isa = PBXFileReference; fileEncoding = 4; lastKnownFileType = sourcecode.c.h; path = DDASLLogger.h; sourceTree = "<group>"; };
		331239E51E53697C00559EB0 /* DDASLLogger.m */ = {isa = PBXFileReference; fileEncoding = 4; lastKnownFileType = sourcecode.c.objc; path = DDASLLogger.m; sourceTree = "<group>"; };
		331239E61E53697C00559EB0 /* DDFileLogger.h */ = {isa = PBXFileReference; fileEncoding = 4; lastKnownFileType = sourcecode.c.h; path = DDFileLogger.h; sourceTree = "<group>"; };
		331239E71E53697C00559EB0 /* DDFileLogger.m */ = {isa = PBXFileReference; fileEncoding = 4; lastKnownFileType = sourcecode.c.objc; path = DDFileLogger.m; sourceTree = "<group>"; };
		331239E81E53697C00559EB0 /* DDLog.h */ = {isa = PBXFileReference; fileEncoding = 4; lastKnownFileType = sourcecode.c.h; path = DDLog.h; sourceTree = "<group>"; };
		331239E91E53697C00559EB0 /* DDLog.m */ = {isa = PBXFileReference; fileEncoding = 4; lastKnownFileType = sourcecode.c.objc; path = DDLog.m; sourceTree = "<group>"; };
		331239EA1E53697C00559EB0 /* DDTTYLogger.h */ = {isa = PBXFileReference; fileEncoding = 4; lastKnownFileType = sourcecode.c.h; path = DDTTYLogger.h; sourceTree = "<group>"; };
		331239EB1E53697C00559EB0 /* DDTTYLogger.m */ = {isa = PBXFileReference; fileEncoding = 4; lastKnownFileType = sourcecode.c.objc; path = DDTTYLogger.m; sourceTree = "<group>"; };
		331239ED1E53697C00559EB0 /* ContextFilterLogFormatter.h */ = {isa = PBXFileReference; fileEncoding = 4; lastKnownFileType = sourcecode.c.h; path = ContextFilterLogFormatter.h; sourceTree = "<group>"; };
		331239EE1E53697C00559EB0 /* ContextFilterLogFormatter.m */ = {isa = PBXFileReference; fileEncoding = 4; lastKnownFileType = sourcecode.c.objc; path = ContextFilterLogFormatter.m; sourceTree = "<group>"; };
		331239EF1E53697C00559EB0 /* DispatchQueueLogFormatter.h */ = {isa = PBXFileReference; fileEncoding = 4; lastKnownFileType = sourcecode.c.h; path = DispatchQueueLogFormatter.h; sourceTree = "<group>"; };
		331239F01E53697C00559EB0 /* DispatchQueueLogFormatter.m */ = {isa = PBXFileReference; fileEncoding = 4; lastKnownFileType = sourcecode.c.objc; path = DispatchQueueLogFormatter.m; sourceTree = "<group>"; };
		331239F11E53697C00559EB0 /* README.txt */ = {isa = PBXFileReference; fileEncoding = 4; lastKnownFileType = text; path = README.txt; sourceTree = "<group>"; };
		331239FA1E5369D000559EB0 /* About.txt */ = {isa = PBXFileReference; fileEncoding = 4; lastKnownFileType = text; path = About.txt; sourceTree = "<group>"; };
		331239FB1E5369D000559EB0 /* GCDAsyncSocket.h */ = {isa = PBXFileReference; fileEncoding = 4; lastKnownFileType = sourcecode.c.h; path = GCDAsyncSocket.h; sourceTree = "<group>"; };
		331239FC1E5369D000559EB0 /* GCDAsyncSocket.m */ = {isa = PBXFileReference; fileEncoding = 4; lastKnownFileType = sourcecode.c.objc; path = GCDAsyncSocket.m; sourceTree = "<group>"; };
		B3E7B5881CC2AC0600A0062D /* FPStaticServer.h */ = {isa = PBXFileReference; fileEncoding = 4; lastKnownFileType = sourcecode.c.h; path = FPStaticServer.h; sourceTree = "<group>"; };
		B3E7B5891CC2AC0600A0062D /* FPStaticServer.m */ = {isa = PBXFileReference; fileEncoding = 4; lastKnownFileType = sourcecode.c.objc; path = FPStaticServer.m; sourceTree = "<group>"; };
		C6B7B492205BAD9E00E2BCE6 /* RNGCDWebServerFunctions.h */ = {isa = PBXFileReference; fileEncoding = 4; lastKnownFileType = sourcecode.c.h; path = RNGCDWebServerFunctions.h; sourceTree = "<group>"; };
		C6B7B493205BAD9E00E2BCE6 /* RNGCDWebServerRequest.h */ = {isa = PBXFileReference; fileEncoding = 4; lastKnownFileType = sourcecode.c.h; path = RNGCDWebServerRequest.h; sourceTree = "<group>"; };
		C6B7B494205BAD9E00E2BCE6 /* RNGCDWebServer.h */ = {isa = PBXFileReference; fileEncoding = 4; lastKnownFileType = sourcecode.c.h; path = RNGCDWebServer.h; sourceTree = "<group>"; };
		C6B7B495205BAD9E00E2BCE6 /* RNGCDWebServerConnection.h */ = {isa = PBXFileReference; fileEncoding = 4; lastKnownFileType = sourcecode.c.h; path = RNGCDWebServerConnection.h; sourceTree = "<group>"; };
		C6B7B496205BAD9E00E2BCE6 /* RNGCDWebServerResponse.m */ = {isa = PBXFileReference; fileEncoding = 4; lastKnownFileType = sourcecode.c.objc; path = RNGCDWebServerResponse.m; sourceTree = "<group>"; };
		C6B7B497205BAD9E00E2BCE6 /* RNGCDWebServerHTTPStatusCodes.h */ = {isa = PBXFileReference; fileEncoding = 4; lastKnownFileType = sourcecode.c.h; path = RNGCDWebServerHTTPStatusCodes.h; sourceTree = "<group>"; };
		C6B7B498205BAD9E00E2BCE6 /* RNGCDWebServerRequest.m */ = {isa = PBXFileReference; fileEncoding = 4; lastKnownFileType = sourcecode.c.objc; path = RNGCDWebServerRequest.m; sourceTree = "<group>"; };
		C6B7B499205BAD9E00E2BCE6 /* RNGCDWebServerFunctions.m */ = {isa = PBXFileReference; fileEncoding = 4; lastKnownFileType = sourcecode.c.objc; path = RNGCDWebServerFunctions.m; sourceTree = "<group>"; };
		C6B7B49A205BAD9E00E2BCE6 /* RNGCDWebServerPrivate.h */ = {isa = PBXFileReference; fileEncoding = 4; lastKnownFileType = sourcecode.c.h; path = RNGCDWebServerPrivate.h; sourceTree = "<group>"; };
		C6B7B49B205BAD9E00E2BCE6 /* RNGCDWebServerConnection.m */ = {isa = PBXFileReference; fileEncoding = 4; lastKnownFileType = sourcecode.c.objc; path = RNGCDWebServerConnection.m; sourceTree = "<group>"; };
		C6B7B49C205BAD9E00E2BCE6 /* RNGCDWebServer.m */ = {isa = PBXFileReference; fileEncoding = 4; lastKnownFileType = sourcecode.c.objc; path = RNGCDWebServer.m; sourceTree = "<group>"; };
		C6B7B49D205BAD9E00E2BCE6 /* RNGCDWebServerResponse.h */ = {isa = PBXFileReference; fileEncoding = 4; lastKnownFileType = sourcecode.c.h; path = RNGCDWebServerResponse.h; sourceTree = "<group>"; };
		C6B7B49F205BAD9E00E2BCE6 /* RNGCDWebServerFileResponse.h */ = {isa = PBXFileReference; fileEncoding = 4; lastKnownFileType = sourcecode.c.h; path = RNGCDWebServerFileResponse.h; sourceTree = "<group>"; };
		C6B7B4A0205BAD9E00E2BCE6 /* RNGCDWebServerErrorResponse.h */ = {isa = PBXFileReference; fileEncoding = 4; lastKnownFileType = sourcecode.c.h; path = RNGCDWebServerErrorResponse.h; sourceTree = "<group>"; };
		C6B7B4A1205BAD9E00E2BCE6 /* RNGCDWebServerDataResponse.h */ = {isa = PBXFileReference; fileEncoding = 4; lastKnownFileType = sourcecode.c.h; path = RNGCDWebServerDataResponse.h; sourceTree = "<group>"; };
		C6B7B4A2205BAD9E00E2BCE6 /* RNGCDWebServerStreamedResponse.m */ = {isa = PBXFileReference; fileEncoding = 4; lastKnownFileType = sourcecode.c.objc; path = RNGCDWebServerStreamedResponse.m; sourceTree = "<group>"; };
		C6B7B4A3205BAD9E00E2BCE6 /* RNGCDWebServerFileResponse.m */ = {isa = PBXFileReference; fileEncoding = 4; lastKnownFileType = sourcecode.c.objc; path = RNGCDWebServerFileResponse.m; sourceTree = "<group>"; };
		C6B7B4A4205BAD9E00E2BCE6 /* RNGCDWebServerDataResponse.m */ = {isa = PBXFileReference; fileEncoding = 4; lastKnownFileType = sourcecode.c.objc; path = RNGCDWebServerDataResponse.m; sourceTree = "<group>"; };
		C6B7B4A5205BAD9E00E2BCE6 /* RNGCDWebServerErrorResponse.m */ = {isa = PBXFileReference; fileEncoding = 4; lastKnownFileType = sourcecode.c.objc; path = RNGCDWebServerErrorResponse.m; sourceTree = "<group>"; };
		C6B7B4A6205BAD9E00E2BCE6 /* RNGCDWebServerStreamedResponse.h */ = {isa = PBXFileReference; fileEncoding = 4; lastKnownFileType = sourcecode.c.h; path = RNGCDWebServerStreamedResponse.h; sourceTree = "<group>"; };
		C6B7B4A8205BAD9E00E2BCE6 /* RNGCDWebServerDataRequest.h */ = {isa = PBXFileReference; fileEncoding = 4; lastKnownFileType = sourcecode.c.h; path = RNGCDWebServerDataRequest.h; sourceTree = "<group>"; };
		C6B7B4A9205BAD9E00E2BCE6 /* RNGCDWebServerMultiPartFormRequest.h */ = {isa = PBXFileReference; fileEncoding = 4; lastKnownFileType = sourcecode.c.h; path = RNGCDWebServerMultiPartFormRequest.h; sourceTree = "<group>"; };
		C6B7B4AA205BAD9E00E2BCE6 /* RNGCDWebServerFileRequest.h */ = {isa = PBXFileReference; fileEncoding = 4; lastKnownFileType = sourcecode.c.h; path = RNGCDWebServerFileRequest.h; sourceTree = "<group>"; };
		C6B7B4AB205BAD9E00E2BCE6 /* RNGCDWebServerURLEncodedFormRequest.m */ = {isa = PBXFileReference; fileEncoding = 4; lastKnownFileType = sourcecode.c.objc; path = RNGCDWebServerURLEncodedFormRequest.m; sourceTree = "<group>"; };
		C6B7B4AC205BAD9E00E2BCE6 /* RNGCDWebServerDataRequest.m */ = {isa = PBXFileReference; fileEncoding = 4; lastKnownFileType = sourcecode.c.objc; path = RNGCDWebServerDataRequest.m; sourceTree = "<group>"; };
		C6B7B4AD205BAD9E00E2BCE6 /* RNGCDWebServerURLEncodedFormRequest.h */ = {isa = PBXFileReference; fileEncoding = 4; lastKnownFileType = sourcecode.c.h; path = RNGCDWebServerURLEncodedFormRequest.h; sourceTree = "<group>"; };
		C6B7B4AE205BAD9E00E2BCE6 /* RNGCDWebServerFileRequest.m */ = {isa = PBXFileReference; fileEncoding = 4; lastKnownFileType = sourcecode.c.objc; path = RNGCDWebServerFileRequest.m; sourceTree = "<group>"; };
		C6B7B4AF205BAD9E00E2BCE6 /* RNGCDWebServerMultiPartFormRequest.m */ = {isa = PBXFileReference; fileEncoding = 4; lastKnownFileType = sourcecode.c.objc; path = RNGCDWebServerMultiPartFormRequest.m; sourceTree = "<group>"; };
/* End PBXFileReference section */

/* Begin PBXFrameworksBuildPhase section */
		58B511D81A9E6C8500147676 /* Frameworks */ = {
			isa = PBXFrameworksBuildPhase;
			buildActionMask = 2147483647;
			files = (
			);
			runOnlyForDeploymentPostprocessing = 0;
		};
/* End PBXFrameworksBuildPhase section */

/* Begin PBXGroup section */
		134814211AA4EA7D00B7C361 /* Products */ = {
			isa = PBXGroup;
			children = (
				134814201AA4EA6300B7C361 /* libFPStaticServer.a */,
			);
			name = Products;
			sourceTree = "<group>";
		};
		331239E01E53697C00559EB0 /* CocoaLumberjack */ = {
			isa = PBXGroup;
			children = (
				331239E11E53697C00559EB0 /* About.txt */,
				331239E21E53697C00559EB0 /* DDAbstractDatabaseLogger.h */,
				331239E31E53697C00559EB0 /* DDAbstractDatabaseLogger.m */,
				331239E41E53697C00559EB0 /* DDASLLogger.h */,
				331239E51E53697C00559EB0 /* DDASLLogger.m */,
				331239E61E53697C00559EB0 /* DDFileLogger.h */,
				331239E71E53697C00559EB0 /* DDFileLogger.m */,
				331239E81E53697C00559EB0 /* DDLog.h */,
				331239E91E53697C00559EB0 /* DDLog.m */,
				331239EA1E53697C00559EB0 /* DDTTYLogger.h */,
				331239EB1E53697C00559EB0 /* DDTTYLogger.m */,
				331239EC1E53697C00559EB0 /* Extensions */,
			);
			path = CocoaLumberjack;
			sourceTree = "<group>";
		};
		331239EC1E53697C00559EB0 /* Extensions */ = {
			isa = PBXGroup;
			children = (
				331239ED1E53697C00559EB0 /* ContextFilterLogFormatter.h */,
				331239EE1E53697C00559EB0 /* ContextFilterLogFormatter.m */,
				331239EF1E53697C00559EB0 /* DispatchQueueLogFormatter.h */,
				331239F01E53697C00559EB0 /* DispatchQueueLogFormatter.m */,
				331239F11E53697C00559EB0 /* README.txt */,
			);
			path = Extensions;
			sourceTree = "<group>";
		};
		331239F91E5369D000559EB0 /* CocoaAsyncSocket */ = {
			isa = PBXGroup;
			children = (
				331239FA1E5369D000559EB0 /* About.txt */,
				331239FB1E5369D000559EB0 /* GCDAsyncSocket.h */,
				331239FC1E5369D000559EB0 /* GCDAsyncSocket.m */,
			);
			path = CocoaAsyncSocket;
			sourceTree = "<group>";
		};
		58B511D21A9E6C8500147676 = {
			isa = PBXGroup;
			children = (
				C6B7B490205BAD9E00E2BCE6 /* GCDWebServer */,
				331239F91E5369D000559EB0 /* CocoaAsyncSocket */,
				331239E01E53697C00559EB0 /* CocoaLumberjack */,
				B3E7B5881CC2AC0600A0062D /* FPStaticServer.h */,
				B3E7B5891CC2AC0600A0062D /* FPStaticServer.m */,
				134814211AA4EA7D00B7C361 /* Products */,
			);
			sourceTree = "<group>";
		};
		C6B7B490205BAD9E00E2BCE6 /* GCDWebServer */ = {
			isa = PBXGroup;
			children = (
				C6B7B491205BAD9E00E2BCE6 /* Core */,
				C6B7B49E205BAD9E00E2BCE6 /* Responses */,
				C6B7B4A7205BAD9E00E2BCE6 /* Requests */,
			);
			path = GCDWebServer;
			sourceTree = "<group>";
		};
		C6B7B491205BAD9E00E2BCE6 /* Core */ = {
			isa = PBXGroup;
			children = (
				C6B7B492205BAD9E00E2BCE6 /* RNGCDWebServerFunctions.h */,
				C6B7B493205BAD9E00E2BCE6 /* RNGCDWebServerRequest.h */,
				C6B7B494205BAD9E00E2BCE6 /* RNGCDWebServer.h */,
				C6B7B495205BAD9E00E2BCE6 /* RNGCDWebServerConnection.h */,
				C6B7B496205BAD9E00E2BCE6 /* RNGCDWebServerResponse.m */,
				C6B7B497205BAD9E00E2BCE6 /* RNGCDWebServerHTTPStatusCodes.h */,
				C6B7B498205BAD9E00E2BCE6 /* RNGCDWebServerRequest.m */,
				C6B7B499205BAD9E00E2BCE6 /* RNGCDWebServerFunctions.m */,
				C6B7B49A205BAD9E00E2BCE6 /* RNGCDWebServerPrivate.h */,
				C6B7B49B205BAD9E00E2BCE6 /* RNGCDWebServerConnection.m */,
				C6B7B49C205BAD9E00E2BCE6 /* RNGCDWebServer.m */,
				C6B7B49D205BAD9E00E2BCE6 /* RNGCDWebServerResponse.h */,
			);
			path = Core;
			sourceTree = "<group>";
		};
		C6B7B49E205BAD9E00E2BCE6 /* Responses */ = {
			isa = PBXGroup;
			children = (
				C6B7B49F205BAD9E00E2BCE6 /* RNGCDWebServerFileResponse.h */,
				C6B7B4A0205BAD9E00E2BCE6 /* RNGCDWebServerErrorResponse.h */,
				C6B7B4A1205BAD9E00E2BCE6 /* RNGCDWebServerDataResponse.h */,
				C6B7B4A2205BAD9E00E2BCE6 /* RNGCDWebServerStreamedResponse.m */,
				C6B7B4A3205BAD9E00E2BCE6 /* RNGCDWebServerFileResponse.m */,
				C6B7B4A4205BAD9E00E2BCE6 /* RNGCDWebServerDataResponse.m */,
				C6B7B4A5205BAD9E00E2BCE6 /* RNGCDWebServerErrorResponse.m */,
				C6B7B4A6205BAD9E00E2BCE6 /* RNGCDWebServerStreamedResponse.h */,
			);
			path = Responses;
			sourceTree = "<group>";
		};
		C6B7B4A7205BAD9E00E2BCE6 /* Requests */ = {
			isa = PBXGroup;
			children = (
				C6B7B4A8205BAD9E00E2BCE6 /* RNGCDWebServerDataRequest.h */,
				C6B7B4A9205BAD9E00E2BCE6 /* RNGCDWebServerMultiPartFormRequest.h */,
				C6B7B4AA205BAD9E00E2BCE6 /* RNGCDWebServerFileRequest.h */,
				C6B7B4AB205BAD9E00E2BCE6 /* RNGCDWebServerURLEncodedFormRequest.m */,
				C6B7B4AC205BAD9E00E2BCE6 /* RNGCDWebServerDataRequest.m */,
				C6B7B4AD205BAD9E00E2BCE6 /* RNGCDWebServerURLEncodedFormRequest.h */,
				C6B7B4AE205BAD9E00E2BCE6 /* RNGCDWebServerFileRequest.m */,
				C6B7B4AF205BAD9E00E2BCE6 /* RNGCDWebServerMultiPartFormRequest.m */,
			);
			path = Requests;
			sourceTree = "<group>";
		};
/* End PBXGroup section */

/* Begin PBXNativeTarget section */
		58B511DA1A9E6C8500147676 /* FPStaticServer */ = {
			isa = PBXNativeTarget;
			buildConfigurationList = 58B511EF1A9E6C8500147676 /* Build configuration list for PBXNativeTarget "FPStaticServer" */;
			buildPhases = (
				58B511D71A9E6C8500147676 /* Sources */,
				58B511D81A9E6C8500147676 /* Frameworks */,
				58B511D91A9E6C8500147676 /* CopyFiles */,
			);
			buildRules = (
			);
			dependencies = (
			);
			name = FPStaticServer;
			productName = RCTDataManager;
			productReference = 134814201AA4EA6300B7C361 /* libFPStaticServer.a */;
			productType = "com.apple.product-type.library.static";
		};
/* End PBXNativeTarget section */

/* Begin PBXProject section */
		58B511D31A9E6C8500147676 /* Project object */ = {
			isa = PBXProject;
			attributes = {
				LastUpgradeCheck = 0820;
				ORGANIZATIONNAME = Facebook;
				TargetAttributes = {
					58B511DA1A9E6C8500147676 = {
						CreatedOnToolsVersion = 6.1.1;
					};
				};
			};
			buildConfigurationList = 58B511D61A9E6C8500147676 /* Build configuration list for PBXProject "FPStaticServer" */;
			compatibilityVersion = "Xcode 3.2";
			developmentRegion = English;
			hasScannedForEncodings = 0;
			knownRegions = (
				en,
			);
			mainGroup = 58B511D21A9E6C8500147676;
			productRefGroup = 58B511D21A9E6C8500147676;
			projectDirPath = "";
			projectRoot = "";
			targets = (
				58B511DA1A9E6C8500147676 /* FPStaticServer */,
			);
		};
/* End PBXProject section */

/* Begin PBXSourcesBuildPhase section */
		58B511D71A9E6C8500147676 /* Sources */ = {
			isa = PBXSourcesBuildPhase;
			buildActionMask = 2147483647;
			files = (
				C6B7B4BB205BAD9F00E2BCE6 /* RNGCDWebServerFileRequest.m in Sources */,
				C6B7B4B7205BAD9F00E2BCE6 /* RNGCDWebServerDataResponse.m in Sources */,
				331239F61E53697C00559EB0 /* DDTTYLogger.m in Sources */,
				C6B7B4B9205BAD9F00E2BCE6 /* RNGCDWebServerURLEncodedFormRequest.m in Sources */,
				C6B7B4B3205BAD9F00E2BCE6 /* RNGCDWebServerConnection.m in Sources */,
				C6B7B4B1205BAD9F00E2BCE6 /* RNGCDWebServerRequest.m in Sources */,
				B3E7B58A1CC2AC0600A0062D /* FPStaticServer.m in Sources */,
				C6B7B4BC205BAD9F00E2BCE6 /* RNGCDWebServerMultiPartFormRequest.m in Sources */,
				331239F71E53697C00559EB0 /* ContextFilterLogFormatter.m in Sources */,
				C6B7B4B5205BAD9F00E2BCE6 /* RNGCDWebServerStreamedResponse.m in Sources */,
				331239F31E53697C00559EB0 /* DDASLLogger.m in Sources */,
				C6B7B4B8205BAD9F00E2BCE6 /* RNGCDWebServerErrorResponse.m in Sources */,
				331239F21E53697C00559EB0 /* DDAbstractDatabaseLogger.m in Sources */,
				C6B7B4B0205BAD9F00E2BCE6 /* RNGCDWebServerResponse.m in Sources */,
				C6B7B4BA205BAD9F00E2BCE6 /* RNGCDWebServerDataRequest.m in Sources */,
				C6B7B4B6205BAD9F00E2BCE6 /* RNGCDWebServerFileResponse.m in Sources */,
				331239F81E53697C00559EB0 /* DispatchQueueLogFormatter.m in Sources */,
				C6B7B4B2205BAD9F00E2BCE6 /* RNGCDWebServerFunctions.m in Sources */,
				331239FD1E5369D000559EB0 /* GCDAsyncSocket.m in Sources */,
				331239F41E53697C00559EB0 /* DDFileLogger.m in Sources */,
				C6B7B4B4205BAD9F00E2BCE6 /* RNGCDWebServer.m in Sources */,
				331239F51E53697C00559EB0 /* DDLog.m in Sources */,
			);
			runOnlyForDeploymentPostprocessing = 0;
		};
/* End PBXSourcesBuildPhase section */

/* Begin XCBuildConfiguration section */
		58B511ED1A9E6C8500147676 /* Debug */ = {
			isa = XCBuildConfiguration;
			buildSettings = {
				ALWAYS_SEARCH_USER_PATHS = NO;
				CLANG_CXX_LANGUAGE_STANDARD = "gnu++0x";
				CLANG_CXX_LIBRARY = "libc++";
				CLANG_ENABLE_MODULES = YES;
				CLANG_ENABLE_OBJC_ARC = YES;
				CLANG_WARN_BOOL_CONVERSION = YES;
				CLANG_WARN_CONSTANT_CONVERSION = YES;
				CLANG_WARN_DIRECT_OBJC_ISA_USAGE = YES_ERROR;
				CLANG_WARN_EMPTY_BODY = YES;
				CLANG_WARN_ENUM_CONVERSION = YES;
				CLANG_WARN_INFINITE_RECURSION = YES;
				CLANG_WARN_INT_CONVERSION = YES;
				CLANG_WARN_OBJC_ROOT_CLASS = YES_ERROR;
				CLANG_WARN_SUSPICIOUS_MOVE = YES;
				CLANG_WARN_UNREACHABLE_CODE = YES;
				CLANG_WARN__DUPLICATE_METHOD_MATCH = YES;
				COPY_PHASE_STRIP = NO;
				ENABLE_STRICT_OBJC_MSGSEND = YES;
				GCC_C_LANGUAGE_STANDARD = gnu99;
				GCC_DYNAMIC_NO_PIC = NO;
				GCC_NO_COMMON_BLOCKS = YES;
				GCC_OPTIMIZATION_LEVEL = 0;
				GCC_PREPROCESSOR_DEFINITIONS = (
					"DEBUG=1",
					"$(inherited)",
				);
				GCC_SYMBOLS_PRIVATE_EXTERN = NO;
				GCC_WARN_64_TO_32_BIT_CONVERSION = YES;
				GCC_WARN_ABOUT_RETURN_TYPE = YES_ERROR;
				GCC_WARN_UNDECLARED_SELECTOR = YES;
				GCC_WARN_UNINITIALIZED_AUTOS = YES_AGGRESSIVE;
				GCC_WARN_UNUSED_FUNCTION = YES;
				GCC_WARN_UNUSED_VARIABLE = YES;
				IPHONEOS_DEPLOYMENT_TARGET = 8.0;
				MTL_ENABLE_DEBUG_INFO = YES;
				ONLY_ACTIVE_ARCH = YES;
				SDKROOT = iphoneos;
			};
			name = Debug;
		};
		58B511EE1A9E6C8500147676 /* Release */ = {
			isa = XCBuildConfiguration;
			buildSettings = {
				ALWAYS_SEARCH_USER_PATHS = NO;
				CLANG_CXX_LANGUAGE_STANDARD = "gnu++0x";
				CLANG_CXX_LIBRARY = "libc++";
				CLANG_ENABLE_MODULES = YES;
				CLANG_ENABLE_OBJC_ARC = YES;
				CLANG_WARN_BOOL_CONVERSION = YES;
				CLANG_WARN_CONSTANT_CONVERSION = YES;
				CLANG_WARN_DIRECT_OBJC_ISA_USAGE = YES_ERROR;
				CLANG_WARN_EMPTY_BODY = YES;
				CLANG_WARN_ENUM_CONVERSION = YES;
				CLANG_WARN_INFINITE_RECURSION = YES;
				CLANG_WARN_INT_CONVERSION = YES;
				CLANG_WARN_OBJC_ROOT_CLASS = YES_ERROR;
				CLANG_WARN_SUSPICIOUS_MOVE = YES;
				CLANG_WARN_UNREACHABLE_CODE = YES;
				CLANG_WARN__DUPLICATE_METHOD_MATCH = YES;
				COPY_PHASE_STRIP = YES;
				ENABLE_NS_ASSERTIONS = NO;
				ENABLE_STRICT_OBJC_MSGSEND = YES;
				GCC_C_LANGUAGE_STANDARD = gnu99;
				GCC_NO_COMMON_BLOCKS = YES;
				GCC_WARN_64_TO_32_BIT_CONVERSION = YES;
				GCC_WARN_ABOUT_RETURN_TYPE = YES_ERROR;
				GCC_WARN_UNDECLARED_SELECTOR = YES;
				GCC_WARN_UNINITIALIZED_AUTOS = YES_AGGRESSIVE;
				GCC_WARN_UNUSED_FUNCTION = YES;
				GCC_WARN_UNUSED_VARIABLE = YES;
				IPHONEOS_DEPLOYMENT_TARGET = 8.0;
				MTL_ENABLE_DEBUG_INFO = NO;
				SDKROOT = iphoneos;
				VALIDATE_PRODUCT = YES;
			};
			name = Release;
		};
		58B511F01A9E6C8500147676 /* Debug */ = {
			isa = XCBuildConfiguration;
			buildSettings = {
				HEADER_SEARCH_PATHS = (
					"$(inherited)",
					/Applications/Xcode.app/Contents/Developer/Toolchains/XcodeDefault.xctoolchain/usr/include,
					"$(SRCROOT)/../../../React/**",
					"$(SRCROOT)/../../react-native/React/**",
					"$(SRCROOT)/../node_modules/react-native/React/**",
					"$(SRCROOT)/../../node_modules/react-native/React/**",
					"$(SDKROOT)/usr/include/libxml2",
				);
				LIBRARY_SEARCH_PATHS = "$(inherited)";
				OTHER_LDFLAGS = (
					"-ObjC",
					"-libz",
				);
				PRODUCT_NAME = FPStaticServer;
				SKIP_INSTALL = YES;
			};
			name = Debug;
		};
		58B511F11A9E6C8500147676 /* Release */ = {
			isa = XCBuildConfiguration;
			buildSettings = {
				HEADER_SEARCH_PATHS = (
					"$(inherited)",
					/Applications/Xcode.app/Contents/Developer/Toolchains/XcodeDefault.xctoolchain/usr/include,
					"$(SRCROOT)/../../../React/**",
					"$(SRCROOT)/../../react-native/React/**",
					"$(SRCROOT)/../node_modules/react-native/React/**",
					"$(SRCROOT)/../../node_modules/react-native/React/**",
					"$(SDKROOT)/usr/include/libxml2",
				);
				LIBRARY_SEARCH_PATHS = "$(inherited)";
				OTHER_LDFLAGS = (
					"-ObjC",
					"-libz",
				);
				PRODUCT_NAME = FPStaticServer;
				SKIP_INSTALL = YES;
			};
			name = Release;
		};
/* End XCBuildConfiguration section */

/* Begin XCConfigurationList section */
		58B511D61A9E6C8500147676 /* Build configuration list for PBXProject "FPStaticServer" */ = {
			isa = XCConfigurationList;
			buildConfigurations = (
				58B511ED1A9E6C8500147676 /* Debug */,
				58B511EE1A9E6C8500147676 /* Release */,
			);
			defaultConfigurationIsVisible = 0;
			defaultConfigurationName = Release;
		};
		58B511EF1A9E6C8500147676 /* Build configuration list for PBXNativeTarget "FPStaticServer" */ = {
			isa = XCConfigurationList;
			buildConfigurations = (
				58B511F01A9E6C8500147676 /* Debug */,
				58B511F11A9E6C8500147676 /* Release */,
			);
			defaultConfigurationIsVisible = 0;
			defaultConfigurationName = Release;
		};
/* End XCConfigurationList section */
	};
	rootObject = 58B511D31A9E6C8500147676 /* Project object */;
}
